
Microsoft Visual Studio Solution File, Format Version 12.00
# Visual Studio Version 17
VisualStudioVersion = 17.6.33801.468
MinimumVisualStudioVersion = 10.0.40219.1
Project("{9A19103F-16F7-4668-BE54-9A1E7A4F7556}") = "1-Olamundo", "1-Olamundo\1-Olamundo.csproj", "{74699850-A528-4A20-B4C1-824FDF1B9DBB}"
EndProject
Project("{9A19103F-16F7-4668-BE54-9A1E7A4F7556}") = "2-Criando variaveis", "2-Criando variaveis\2-Criando variaveis.csproj", "{20983DD3-91F9-4EBF-9474-3A5E3C3E33E7}"
EndProject
Project("{9A19103F-16F7-4668-BE54-9A1E7A4F7556}") = "3-CriandoVariaveisPontoFlutuante", "3-CriandoVariaveisPontoFlutuante\3-CriandoVariaveisPontoFlutuante.csproj", "{A8D410B4-CA5E-4A76-81B8-4A6DCEDB028C}"
EndProject
Project("{9A19103F-16F7-4668-BE54-9A1E7A4F7556}") = "4-ConversoesEOutrosTipos", "4-ConversoesEOutrosTipos\4-ConversoesEOutrosTipos.csproj", "{1FCB097E-D993-40B3-BE87-620F5B8ACC40}"
EndProject
Project("{9A19103F-16F7-4668-BE54-9A1E7A4F7556}") = "5-CaracteresETextos", "5-CaracteresETextos\5-CaracteresETextos.csproj", "{7BA1939C-CB76-4840-96C6-2DC21A325B40}"
EndProject
Project("{9A19103F-16F7-4668-BE54-9A1E7A4F7556}") = "6-AtribuicoesDeVariaveis", "6-AtribuicoesDeVariaveis\6-AtribuicoesDeVariaveis.csproj", "{1C415C16-5220-45DF-8860-E2C8B5604F82}"
EndProject
Project("{9A19103F-16F7-4668-BE54-9A1E7A4F7556}") = "7-Condicionais", "7-Condicionais\7-Condicionais.csproj", "{8CFF5064-52AC-495A-840E-D99A6DC65EA7}"
EndProject
Project("{9A19103F-16F7-4668-BE54-9A1E7A4F7556}") = "8-Condicionais2", "8-Condicionais2\8-Condicionais2.csproj", "{BC88B84C-C886-4C82-B403-D06B236B856D}"
EndProject
Project("{9A19103F-16F7-4668-BE54-9A1E7A4F7556}") = "9-Escopo", "9-Escopo\9-Escopo.csproj", "{9E4AEE15-99B7-41E9-88DA-2E16B425C2E9}"
EndProject
Project("{FAE04EC0-301F-11D3-BF4B-00C04F79EFBC}") = "P10-CalculaPoupanca", "P10-CalculaPoupanca\P10-CalculaPoupanca.csproj", "{4FB085AB-B615-4B9B-9F40-E1C3A2CC557E}"
EndProject
Project("{FAE04EC0-301F-11D3-BF4B-00C04F79EFBC}") = "P11-CalculaPoupanca2", "P11-CalculaPoupanca2\P11-CalculaPoupanca2.csproj", "{8182BD36-5FAD-4172-8D9D-D68F8A0EFCC0}"
EndProject
Global
	GlobalSection(SolutionConfigurationPlatforms) = preSolution
		Debug|Any CPU = Debug|Any CPU
		Release|Any CPU = Release|Any CPU
	EndGlobalSection
	GlobalSection(ProjectConfigurationPlatforms) = postSolution
		{74699850-A528-4A20-B4C1-824FDF1B9DBB}.Debug|Any CPU.ActiveCfg = Debug|Any CPU
		{74699850-A528-4A20-B4C1-824FDF1B9DBB}.Debug|Any CPU.Build.0 = Debug|Any CPU
		{74699850-A528-4A20-B4C1-824FDF1B9DBB}.Release|Any CPU.ActiveCfg = Release|Any CPU
		{74699850-A528-4A20-B4C1-824FDF1B9DBB}.Release|Any CPU.Build.0 = Release|Any CPU
		{20983DD3-91F9-4EBF-9474-3A5E3C3E33E7}.Debug|Any CPU.ActiveCfg = Debug|Any CPU
		{20983DD3-91F9-4EBF-9474-3A5E3C3E33E7}.Debug|Any CPU.Build.0 = Debug|Any CPU
		{20983DD3-91F9-4EBF-9474-3A5E3C3E33E7}.Release|Any CPU.ActiveCfg = Release|Any CPU
		{20983DD3-91F9-4EBF-9474-3A5E3C3E33E7}.Release|Any CPU.Build.0 = Release|Any CPU
		{A8D410B4-CA5E-4A76-81B8-4A6DCEDB028C}.Debug|Any CPU.ActiveCfg = Debug|Any CPU
		{A8D410B4-CA5E-4A76-81B8-4A6DCEDB028C}.Debug|Any CPU.Build.0 = Debug|Any CPU
		{A8D410B4-CA5E-4A76-81B8-4A6DCEDB028C}.Release|Any CPU.ActiveCfg = Release|Any CPU
		{A8D410B4-CA5E-4A76-81B8-4A6DCEDB028C}.Release|Any CPU.Build.0 = Release|Any CPU
		{1FCB097E-D993-40B3-BE87-620F5B8ACC40}.Debug|Any CPU.ActiveCfg = Debug|Any CPU
		{1FCB097E-D993-40B3-BE87-620F5B8ACC40}.Debug|Any CPU.Build.0 = Debug|Any CPU
		{1FCB097E-D993-40B3-BE87-620F5B8ACC40}.Release|Any CPU.ActiveCfg = Release|Any CPU
		{1FCB097E-D993-40B3-BE87-620F5B8ACC40}.Release|Any CPU.Build.0 = Release|Any CPU
		{7BA1939C-CB76-4840-96C6-2DC21A325B40}.Debug|Any CPU.ActiveCfg = Debug|Any CPU
		{7BA1939C-CB76-4840-96C6-2DC21A325B40}.Debug|Any CPU.Build.0 = Debug|Any CPU
		{7BA1939C-CB76-4840-96C6-2DC21A325B40}.Release|Any CPU.ActiveCfg = Release|Any CPU
		{7BA1939C-CB76-4840-96C6-2DC21A325B40}.Release|Any CPU.Build.0 = Release|Any CPU
		{1C415C16-5220-45DF-8860-E2C8B5604F82}.Debug|Any CPU.ActiveCfg = Debug|Any CPU
		{1C415C16-5220-45DF-8860-E2C8B5604F82}.Debug|Any CPU.Build.0 = Debug|Any CPU
		{1C415C16-5220-45DF-8860-E2C8B5604F82}.Release|Any CPU.ActiveCfg = Release|Any CPU
		{1C415C16-5220-45DF-8860-E2C8B5604F82}.Release|Any CPU.Build.0 = Release|Any CPU
		{8CFF5064-52AC-495A-840E-D99A6DC65EA7}.Debug|Any CPU.ActiveCfg = Debug|Any CPU
		{8CFF5064-52AC-495A-840E-D99A6DC65EA7}.Debug|Any CPU.Build.0 = Debug|Any CPU
		{8CFF5064-52AC-495A-840E-D99A6DC65EA7}.Release|Any CPU.ActiveCfg = Release|Any CPU
		{8CFF5064-52AC-495A-840E-D99A6DC65EA7}.Release|Any CPU.Build.0 = Release|Any CPU
		{BC88B84C-C886-4C82-B403-D06B236B856D}.Debug|Any CPU.ActiveCfg = Debug|Any CPU
		{BC88B84C-C886-4C82-B403-D06B236B856D}.Debug|Any CPU.Build.0 = Debug|Any CPU
		{BC88B84C-C886-4C82-B403-D06B236B856D}.Release|Any CPU.ActiveCfg = Release|Any CPU
		{BC88B84C-C886-4C82-B403-D06B236B856D}.Release|Any CPU.Build.0 = Release|Any CPU
		{9E4AEE15-99B7-41E9-88DA-2E16B425C2E9}.Debug|Any CPU.ActiveCfg = Debug|Any CPU
		{9E4AEE15-99B7-41E9-88DA-2E16B425C2E9}.Debug|Any CPU.Build.0 = Debug|Any CPU
		{9E4AEE15-99B7-41E9-88DA-2E16B425C2E9}.Release|Any CPU.ActiveCfg = Release|Any CPU
		{9E4AEE15-99B7-41E9-88DA-2E16B425C2E9}.Release|Any CPU.Build.0 = Release|Any CPU
		{4FB085AB-B615-4B9B-9F40-E1C3A2CC557E}.Debug|Any CPU.ActiveCfg = Debug|Any CPU
		{4FB085AB-B615-4B9B-9F40-E1C3A2CC557E}.Debug|Any CPU.Build.0 = Debug|Any CPU
		{4FB085AB-B615-4B9B-9F40-E1C3A2CC557E}.Release|Any CPU.ActiveCfg = Release|Any CPU
		{4FB085AB-B615-4B9B-9F40-E1C3A2CC557E}.Release|Any CPU.Build.0 = Release|Any CPU
		{8182BD36-5FAD-4172-8D9D-D68F8A0EFCC0}.Debug|Any CPU.ActiveCfg = Debug|Any CPU
		{8182BD36-5FAD-4172-8D9D-D68F8A0EFCC0}.Debug|Any CPU.Build.0 = Debug|Any CPU
		{8182BD36-5FAD-4172-8D9D-D68F8A0EFCC0}.Release|Any CPU.ActiveCfg = Release|Any CPU
		{8182BD36-5FAD-4172-8D9D-D68F8A0EFCC0}.Release|Any CPU.Build.0 = Release|Any CPU
	EndGlobalSection
	GlobalSection(SolutionProperties) = preSolution
		HideSolutionNode = FALSE
	EndGlobalSection
	GlobalSection(ExtensibilityGlobals) = postSolution
		SolutionGuid = {916AEC20-72A8-46FD-BB8E-0BF65AFA5AD4}
	EndGlobalSection
EndGlobal
